{
  "version": 4,
  "terraform_version": "1.14.4",
  "serial": 6,
  "lineage": "89aca982-0482-36b6-3421-4e6fc671dda0",
  "outputs": {},
  "resources": [
    {
      "mode": "managed",
      "type": "azurerm_linux_virtual_machine",
      "name": "vm",
      "provider": "provider[\"registry.terraform.io/hashicorp/azurerm\"]",
      "instances": [
        {
          "schema_version": 0,
          "attributes": {
            "additional_capabilities": [],
            "admin_password": null,
            "admin_ssh_key": [
              {
                "public_key": "ssh-rsa AAAAB3NzaC1yc2EAAAADAQABAAACAQC4FXbZeRnD8imtjilRSgk5DadkeN+I4RXcZouQLS3/TgKE+ncmH2fexErJeyW4CUStR/Y1/mRN1zBfB9K+tc7GkIlhKlPzyfufqinkx7G8zuXr6xQDjgXbZeEeBX56RsOtvHx3ZlTb7c2ppd2UFPEDuzEqorzz9G4m/WLdIxOB7C8TKMd7Rrc/mbGqgoIfoowS1EnIOenAEpn285c5DhP2Tw7CiK+SyQJX4VzClk7AVLoDRkBR7Da0qo3BO+/xp1HACpkXBzmWCMi/cz5ByuK6OGa/T7W91iy7eRW47ReAVWyqe9FB5co9pV4iCQnux8UkyibAqDaexlMEW1hdUJ8CT08eARLKI+Y0sxssaDONrOBRNKwSYQk9Dna7beAtN4ScbRxVPtgSsF3bCZDFhC8w8lm0fcRNbqCckAhG7EoMxr3lAhkIDpnSfLUW11hMdAmnTCGkOXrUYPuHF+XUQJeSfj7wqpiDqsOm1JBFRCrIHaAwdsr//fKEhpmWl6N6dsEoDeLwYzLiXy9dnV1KC3AxeuMZmrekm6Ua4+dHcrLsw8bsdy/fRAn1xZTQkVynDYOsGcS0mCawFQAo/0YfE9ZY0kMry5shzMIt7zwiMUEXK7WREQSSo/OcdvPgG0dEKIRHPlzoY5JtZdSmtkhhZtFwhWVRKd56HYHddGr8aLetgQ== datak@Oussama",
                "username": "azureuser"
              }
            ],
            "admin_username": "azureuser",
            "allow_extension_operations": true,
            "availability_set_id": "",
            "boot_diagnostics": [],
            "bypass_platform_safety_checks_on_user_schedule_enabled": false,
            "capacity_reservation_group_id": "",
            "computer_name": "vm-terraform-cicd",
            "custom_data": null,
            "dedicated_host_group_id": "",
            "dedicated_host_id": "",
            "disable_password_authentication": true,
            "disk_controller_type": "SCSI",
            "edge_zone": "",
            "encryption_at_host_enabled": false,
            "eviction_policy": "",
            "extensions_time_budget": "PT1H30M",
            "gallery_application": [],
            "id": "/subscriptions/8b1a8412-a194-40c2-ab2f-7cb6ecab1748/resourceGroups/rg-terraform-cicd/providers/Microsoft.Compute/virtualMachines/vm-terraform-cicd",
            "identity": [],
            "license_type": "",
            "location": "centralus",
            "max_bid_price": -1,
            "name": "vm-terraform-cicd",
            "network_interface_ids": [
              "/subscriptions/8b1a8412-a194-40c2-ab2f-7cb6ecab1748/resourceGroups/rg-terraform-cicd/providers/Microsoft.Network/networkInterfaces/nic-terraform"
            ],
            "os_disk": [
              {
                "caching": "ReadWrite",
                "diff_disk_settings": [],
                "disk_encryption_set_id": "",
                "disk_size_gb": 30,
                "id": "/subscriptions/8b1a8412-a194-40c2-ab2f-7cb6ecab1748/resourceGroups/rg-terraform-cicd/providers/Microsoft.Compute/disks/vm-terraform-cicd_disk1_c0f34a002ce14422a023ef073965bb04",
                "name": "vm-terraform-cicd_disk1_c0f34a002ce14422a023ef073965bb04",
                "secure_vm_disk_encryption_set_id": "",
                "security_encryption_type": "",
                "storage_account_type": "Premium_LRS",
                "write_accelerator_enabled": false
              }
            ],
            "os_image_notification": [],
            "os_managed_disk_id": "/subscriptions/8b1a8412-a194-40c2-ab2f-7cb6ecab1748/resourceGroups/rg-terraform-cicd/providers/Microsoft.Compute/disks/vm-terraform-cicd_disk1_c0f34a002ce14422a023ef073965bb04",
            "patch_assessment_mode": "ImageDefault",
            "patch_mode": "ImageDefault",
            "plan": [],
            "platform_fault_domain": -1,
            "priority": "Regular",
            "private_ip_address": "10.0.1.4",
            "private_ip_addresses": [
              "10.0.1.4"
            ],
            "provision_vm_agent": true,
            "proximity_placement_group_id": "",
            "public_ip_address": "",
            "public_ip_addresses": [],
            "reboot_setting": "",
            "resource_group_name": "rg-terraform-cicd",
            "secret": [],
            "secure_boot_enabled": false,
            "size": "Standard_D2s_v3",
            "source_image_id": "",
            "source_image_reference": [
              {
                "offer": "ubuntu-24_04-lts",
                "publisher": "Canonical",
                "sku": "server",
                "version": "latest"
              }
            ],
            "tags": null,
            "termination_notification": null,
            "timeouts": null,
            "user_data": "",
            "virtual_machine_id": "36f0802b-a625-4150-b1cd-62addecf3dae",
            "virtual_machine_scale_set_id": "",
            "vm_agent_platform_updates_enabled": false,
            "vtpm_enabled": false,
            "zone": ""
          },
          "sensitive_attributes": [
            [
              {
                "type": "get_attr",
                "value": "admin_password"
              }
            ],
            [
              {
                "type": "get_attr",
                "value": "custom_data"
              }
            ]
          ],
          "identity_schema_version": 0,
          "private": "eyJlMmJmYjczMC1lY2FhLTExZTYtOGY4OC0zNDM2M2JjN2M0YzAiOnsiY3JlYXRlIjoyNzAwMDAwMDAwMDAwLCJkZWxldGUiOjI3MDAwMDAwMDAwMDAsInJlYWQiOjMwMDAwMDAwMDAwMCwidXBkYXRlIjoyNzAwMDAwMDAwMDAwfX0=",
          "dependencies": [
            "azurerm_network_interface.nic",
            "azurerm_resource_group.rg",
            "azurerm_subnet.subnet",
            "azurerm_virtual_network.vnet"
          ]
        }
      ]
    },
    {
      "mode": "managed",
      "type": "azurerm_network_interface",
      "name": "nic",
      "provider": "provider[\"registry.terraform.io/hashicorp/azurerm\"]",
      "instances": [
        {
          "schema_version": 0,
          "attributes": {
            "accelerated_networking_enabled": false,
            "applied_dns_servers": [],
            "auxiliary_mode": "",
            "auxiliary_sku": "",
            "dns_servers": null,
            "edge_zone": "",
            "id": "/subscriptions/8b1a8412-a194-40c2-ab2f-7cb6ecab1748/resourceGroups/rg-terraform-cicd/providers/Microsoft.Network/networkInterfaces/nic-terraform",
            "internal_dns_name_label": "",
            "internal_domain_name_suffix": "y12x5pvfke1uzcrq05owsi1k4g.gx.internal.cloudapp.net",
            "ip_configuration": [
              {
                "gateway_load_balancer_frontend_ip_configuration_id": "",
                "name": "internal",
                "primary": true,
                "private_ip_address": "10.0.1.4",
                "private_ip_address_allocation": "Dynamic",
                "private_ip_address_version": "IPv4",
                "public_ip_address_id": "",
                "subnet_id": "/subscriptions/8b1a8412-a194-40c2-ab2f-7cb6ecab1748/resourceGroups/rg-terraform-cicd/providers/Microsoft.Network/virtualNetworks/vnet-terraform-cicd/subnets/subnet-terraform"
              }
            ],
            "ip_forwarding_enabled": false,
            "location": "centralus",
            "mac_address": "",
            "name": "nic-terraform",
            "private_ip_address": "10.0.1.4",
            "private_ip_addresses": [
              "10.0.1.4"
            ],
            "resource_group_name": "rg-terraform-cicd",
            "tags": null,
            "timeouts": null,
            "virtual_machine_id": ""
          },
          "sensitive_attributes": [],
          "identity_schema_version": 0,
          "identity": {
            "name": "nic-terraform",
            "resource_group_name": "rg-terraform-cicd",
            "subscription_id": "8b1a8412-a194-40c2-ab2f-7cb6ecab1748"
          },
          "private": "eyJlMmJmYjczMC1lY2FhLTExZTYtOGY4OC0zNDM2M2JjN2M0YzAiOnsiY3JlYXRlIjoxODAwMDAwMDAwMDAwLCJkZWxldGUiOjE4MDAwMDAwMDAwMDAsInJlYWQiOjMwMDAwMDAwMDAwMCwidXBkYXRlIjoxODAwMDAwMDAwMDAwfX0=",
          "dependencies": [
            "azurerm_resource_group.rg",
            "azurerm_subnet.subnet",
            "azurerm_virtual_network.vnet"
          ]
        }
      ]
    },
    {
      "mode": "managed",
      "type": "azurerm_resource_group",
      "name": "rg",
      "provider": "provider[\"registry.terraform.io/hashicorp/azurerm\"]",
      "instances": [
        {
          "schema_version": 0,
          "attributes": {
            "id": "/subscriptions/8b1a8412-a194-40c2-ab2f-7cb6ecab1748/resourceGroups/rg-terraform-cicd",
            "location": "centralus",
            "managed_by": "",
            "name": "rg-terraform-cicd",
            "tags": null,
            "timeouts": null
          },
          "sensitive_attributes": [],
          "identity_schema_version": 0,
          "identity": {
            "name": "rg-terraform-cicd",
            "subscription_id": "8b1a8412-a194-40c2-ab2f-7cb6ecab1748"
          },
          "private": "eyJlMmJmYjczMC1lY2FhLTExZTYtOGY4OC0zNDM2M2JjN2M0YzAiOnsiY3JlYXRlIjo1NDAwMDAwMDAwMDAwLCJkZWxldGUiOjU0MDAwMDAwMDAwMDAsInJlYWQiOjMwMDAwMDAwMDAwMCwidXBkYXRlIjo1NDAwMDAwMDAwMDAwfX0="
        }
      ]
    },
    {
      "mode": "managed",
      "type": "azurerm_subnet",
      "name": "subnet",
      "provider": "provider[\"registry.terraform.io/hashicorp/azurerm\"]",
      "instances": [
        {
          "schema_version": 0,
          "attributes": {
            "address_prefixes": [
              "10.0.1.0/24"
            ],
            "default_outbound_access_enabled": true,
            "delegation": [],
            "id": "/subscriptions/8b1a8412-a194-40c2-ab2f-7cb6ecab1748/resourceGroups/rg-terraform-cicd/providers/Microsoft.Network/virtualNetworks/vnet-terraform-cicd/subnets/subnet-terraform",
            "ip_address_pool": [],
            "name": "subnet-terraform",
            "private_endpoint_network_policies": "Disabled",
            "private_link_service_network_policies_enabled": true,
            "resource_group_name": "rg-terraform-cicd",
            "service_endpoint_policy_ids": null,
            "service_endpoints": null,
            "sharing_scope": "",
            "timeouts": null,
            "virtual_network_name": "vnet-terraform-cicd"
          },
          "sensitive_attributes": [],
          "identity_schema_version": 0,
          "identity": {
            "name": "subnet-terraform",
            "resource_group_name": "rg-terraform-cicd",
            "subscription_id": "8b1a8412-a194-40c2-ab2f-7cb6ecab1748",
            "virtual_network_name": "vnet-terraform-cicd"
          },
          "private": "eyJlMmJmYjczMC1lY2FhLTExZTYtOGY4OC0zNDM2M2JjN2M0YzAiOnsiY3JlYXRlIjoxODAwMDAwMDAwMDAwLCJkZWxldGUiOjE4MDAwMDAwMDAwMDAsInJlYWQiOjMwMDAwMDAwMDAwMCwidXBkYXRlIjoxODAwMDAwMDAwMDAwfX0=",
          "dependencies": [
            "azurerm_resource_group.rg",
            "azurerm_virtual_network.vnet"
          ]
        }
      ]
    },
    {
      "mode": "managed",
      "type": "azurerm_virtual_network",
      "name": "vnet",
      "provider": "provider[\"registry.terraform.io/hashicorp/azurerm\"]",
      "instances": [
        {
          "schema_version": 0,
          "attributes": {
            "address_space": [
              "10.0.0.0/16"
            ],
            "bgp_community": "",
            "ddos_protection_plan": [],
            "dns_servers": [],
            "edge_zone": "",
            "encryption": [],
            "flow_timeout_in_minutes": 0,
            "guid": "be7ff9c6-51a5-4c37-8a30-d7dd69236af6",
            "id": "/subscriptions/8b1a8412-a194-40c2-ab2f-7cb6ecab1748/resourceGroups/rg-terraform-cicd/providers/Microsoft.Network/virtualNetworks/vnet-terraform-cicd",
            "ip_address_pool": [],
            "location": "centralus",
            "name": "vnet-terraform-cicd",
            "private_endpoint_vnet_policies": "Disabled",
            "resource_group_name": "rg-terraform-cicd",
            "subnet": [],
            "tags": null,
            "timeouts": null
          },
          "sensitive_attributes": [],
          "identity_schema_version": 0,
          "identity": {
            "name": "vnet-terraform-cicd",
            "resource_group_name": "rg-terraform-cicd",
            "subscription_id": "8b1a8412-a194-40c2-ab2f-7cb6ecab1748"
          },
          "private": "eyJlMmJmYjczMC1lY2FhLTExZTYtOGY4OC0zNDM2M2JjN2M0YzAiOnsiY3JlYXRlIjoxODAwMDAwMDAwMDAwLCJkZWxldGUiOjE4MDAwMDAwMDAwMDAsInJlYWQiOjMwMDAwMDAwMDAwMCwidXBkYXRlIjoxODAwMDAwMDAwMDAwfX0=",
          "dependencies": [
            "azurerm_resource_group.rg"
          ]
        }
      ]
    }
  ],
  "check_results": null
}
